// !$*UTF8*$!
{
	archiveVersion = 1;
	classes = {
	};
	objectVersion = 55;
	objects = {

/* Begin PBXBuildFile section */
		11315A86285B25E0000F7AF1 /* SearchViewController.swift in Sources */ = {isa = PBXBuildFile; fileRef = 11315A85285B25DF000F7AF1 /* SearchViewController.swift */; };
		11315A8C285B8056000F7AF1 /* TrendingMovieCollectionViewCell.swift in Sources */ = {isa = PBXBuildFile; fileRef = 11315A8A285B8056000F7AF1 /* TrendingMovieCollectionViewCell.swift */; };
		11352C1A28759D010053C0EA /* TrailerViewController.swift in Sources */ = {isa = PBXBuildFile; fileRef = 11352C1928759D010053C0EA /* TrailerViewController.swift */; };
		11352C242875AA6A0053C0EA /* SearchCollectionViewCell.swift in Sources */ = {isa = PBXBuildFile; fileRef = 11352C232875AA6A0053C0EA /* SearchCollectionViewCell.swift */; };
		113A3A0728605EEE0021CCA5 /* NowPlayingMovieCollectionViewCell.swift in Sources */ = {isa = PBXBuildFile; fileRef = 113A3A0528605EEE0021CCA5 /* NowPlayingMovieCollectionViewCell.swift */; };
		113A3A0D2860708C0021CCA5 /* UpcomingMovieCollectionViewCell.swift in Sources */ = {isa = PBXBuildFile; fileRef = 113A3A0B2860708C0021CCA5 /* UpcomingMovieCollectionViewCell.swift */; };
		1148B0592871E5DB009934B7 /* MovieInfoViewController.swift in Sources */ = {isa = PBXBuildFile; fileRef = 1148B0582871E5DB009934B7 /* MovieInfoViewController.swift */; };
		115260C12854D28C0041A5B4 /* AppDelegate.swift in Sources */ = {isa = PBXBuildFile; fileRef = 115260C02854D28C0041A5B4 /* AppDelegate.swift */; };
		115260C32854D28C0041A5B4 /* SceneDelegate.swift in Sources */ = {isa = PBXBuildFile; fileRef = 115260C22854D28C0041A5B4 /* SceneDelegate.swift */; };
		115260C52854D28C0041A5B4 /* HomeViewController.swift in Sources */ = {isa = PBXBuildFile; fileRef = 115260C42854D28C0041A5B4 /* HomeViewController.swift */; };
		115260C82854D28C0041A5B4 /* Main.storyboard in Resources */ = {isa = PBXBuildFile; fileRef = 115260C62854D28C0041A5B4 /* Main.storyboard */; };
		115260CA2854D28D0041A5B4 /* Assets.xcassets in Resources */ = {isa = PBXBuildFile; fileRef = 115260C92854D28D0041A5B4 /* Assets.xcassets */; };
		115260CD2854D28D0041A5B4 /* LaunchScreen.storyboard in Resources */ = {isa = PBXBuildFile; fileRef = 115260CB2854D28D0041A5B4 /* LaunchScreen.storyboard */; };
		115260D52854D34E0041A5B4 /* Podfile in Resources */ = {isa = PBXBuildFile; fileRef = 115260D42854D34E0041A5B4 /* Podfile */; };
		115739D7285FB21100A84FF3 /* WatchListCell.swift in Sources */ = {isa = PBXBuildFile; fileRef = 115739D5285FB21100A84FF3 /* WatchListCell.swift */; };
		115739D8285FB21100A84FF3 /* WatchListCell.xib in Resources */ = {isa = PBXBuildFile; fileRef = 115739D6285FB21100A84FF3 /* WatchListCell.xib */; };
		11B60CB6285C648700F71258 /* WatchListViewController.swift in Sources */ = {isa = PBXBuildFile; fileRef = 11B60CB5285C648700F71258 /* WatchListViewController.swift */; };
		11B8A300285731B600C68D47 /* OnboardingSlide.swift in Sources */ = {isa = PBXBuildFile; fileRef = 11B8A2FF285731B600C68D47 /* OnboardingSlide.swift */; };
		11B8A3022857347900C68D47 /* OnboardingCollectionViewCell.swift in Sources */ = {isa = PBXBuildFile; fileRef = 11B8A3012857347900C68D47 /* OnboardingCollectionViewCell.swift */; };
		11B8A31128577DF900C68D47 /* Constants.swift in Sources */ = {isa = PBXBuildFile; fileRef = 11B8A31028577DF900C68D47 /* Constants.swift */; };
		11C0D2AB2878877B00F809BC /* WatchListMovie.swift in Sources */ = {isa = PBXBuildFile; fileRef = 11C0D2AA2878877B00F809BC /* WatchListMovie.swift */; };
		11C17DF2287B00C600308036 /* SearchingActor.swift in Sources */ = {isa = PBXBuildFile; fileRef = 11C17DF0287B00C600308036 /* SearchingActor.swift */; };
		11C17DF3287B00C600308036 /* SearchingActorModel.swift in Sources */ = {isa = PBXBuildFile; fileRef = 11C17DF1287B00C600308036 /* SearchingActorModel.swift */; };
		11C17DF6287B00D500308036 /* SearchingTVShowsModel.swift in Sources */ = {isa = PBXBuildFile; fileRef = 11C17DF4287B00D500308036 /* SearchingTVShowsModel.swift */; };
		11C17DF7287B00D500308036 /* SearchingTVShow.swift in Sources */ = {isa = PBXBuildFile; fileRef = 11C17DF5287B00D500308036 /* SearchingTVShow.swift */; };
		11C17DF9287B00E500308036 /* MainScreenMovieModel.swift in Sources */ = {isa = PBXBuildFile; fileRef = 11C17DF8287B00E500308036 /* MainScreenMovieModel.swift */; };
		11C17DFC287B00F300308036 /* MovieVideoModel.swift in Sources */ = {isa = PBXBuildFile; fileRef = 11C17DFA287B00F300308036 /* MovieVideoModel.swift */; };
		11C17DFD287B00F300308036 /* Videos.swift in Sources */ = {isa = PBXBuildFile; fileRef = 11C17DFB287B00F300308036 /* Videos.swift */; };
		11C17E02287B011000308036 /* SearchingMovieModel.swift in Sources */ = {isa = PBXBuildFile; fileRef = 11C17E00287B011000308036 /* SearchingMovieModel.swift */; };
		11C17E03287B011000308036 /* SearchingMovie.swift in Sources */ = {isa = PBXBuildFile; fileRef = 11C17E01287B011000308036 /* SearchingMovie.swift */; };
		11C17E06287B011D00308036 /* CastModel.swift in Sources */ = {isa = PBXBuildFile; fileRef = 11C17E04287B011D00308036 /* CastModel.swift */; };
		11C17E07287B011D00308036 /* Cast.swift in Sources */ = {isa = PBXBuildFile; fileRef = 11C17E05287B011D00308036 /* Cast.swift */; };
		11C17E0A287B06AD00308036 /* Extensions.swift in Sources */ = {isa = PBXBuildFile; fileRef = 11C17E09287B06AD00308036 /* Extensions.swift */; };
		11C344B328568AA10021BA6F /* OnboardingViewController.swift in Sources */ = {isa = PBXBuildFile; fileRef = 11C344B228568AA10021BA6F /* OnboardingViewController.swift */; };
		11C8D7B2287C568D00970D0C /* Genres.swift in Sources */ = {isa = PBXBuildFile; fileRef = 11C8D7B1287C568D00970D0C /* Genres.swift */; };
		11C8D7B4287C56CA00970D0C /* ProductionCompanies.swift in Sources */ = {isa = PBXBuildFile; fileRef = 11C8D7B3287C56CA00970D0C /* ProductionCompanies.swift */; };
		11C8D7B6287C577A00970D0C /* MovieInfoModel.swift in Sources */ = {isa = PBXBuildFile; fileRef = 11C8D7B5287C577A00970D0C /* MovieInfoModel.swift */; };
		11C8D7B8287C57C600970D0C /* ActorModel.swift in Sources */ = {isa = PBXBuildFile; fileRef = 11C8D7B7287C57C600970D0C /* ActorModel.swift */; };
		11C8D7BA287C57EA00970D0C /* tvShowInfoModel.swift in Sources */ = {isa = PBXBuildFile; fileRef = 11C8D7B9287C57EA00970D0C /* tvShowInfoModel.swift */; };
		11C8D7BC287C597B00970D0C /* MainScreenMovie.swift in Sources */ = {isa = PBXBuildFile; fileRef = 11C8D7BB287C597B00970D0C /* MainScreenMovie.swift */; };
		11EADE3E2879389700ED9902 /* TVShowInfoViewController.swift in Sources */ = {isa = PBXBuildFile; fileRef = 11EADE3D2879389700ED9902 /* TVShowInfoViewController.swift */; };
		11EADE5B2879492100ED9902 /* ActorInfoViewController.swift in Sources */ = {isa = PBXBuildFile; fileRef = 11EADE5A2879492100ED9902 /* ActorInfoViewController.swift */; };
		11EADE61287958F400ED9902 /* DataManager.swift in Sources */ = {isa = PBXBuildFile; fileRef = 11EADE60287958F400ED9902 /* DataManager.swift */; };
		11EADE6428795E6E00ED9902 /* NetworkManager.swift in Sources */ = {isa = PBXBuildFile; fileRef = 11EADE6328795E6E00ED9902 /* NetworkManager.swift */; };
		11F0536D28748073006D2B1C /* MovieCastCell.swift in Sources */ = {isa = PBXBuildFile; fileRef = 11F0536C28748073006D2B1C /* MovieCastCell.swift */; };
		604ADC24317750D2CA5CCF20 /* Pods_movieapp.framework in Frameworks */ = {isa = PBXBuildFile; fileRef = 6E9F7F0205EB661F303D1E33 /* Pods_movieapp.framework */; };
/* End PBXBuildFile section */

/* Begin PBXFileReference section */
		11315A85285B25DF000F7AF1 /* SearchViewController.swift */ = {isa = PBXFileReference; lastKnownFileType = sourcecode.swift; path = SearchViewController.swift; sourceTree = "<group>"; };
		11315A8A285B8056000F7AF1 /* TrendingMovieCollectionViewCell.swift */ = {isa = PBXFileReference; lastKnownFileType = sourcecode.swift; path = TrendingMovieCollectionViewCell.swift; sourceTree = "<group>"; };
		11352C1928759D010053C0EA /* TrailerViewController.swift */ = {isa = PBXFileReference; lastKnownFileType = sourcecode.swift; path = TrailerViewController.swift; sourceTree = "<group>"; };
		11352C232875AA6A0053C0EA /* SearchCollectionViewCell.swift */ = {isa = PBXFileReference; lastKnownFileType = sourcecode.swift; path = SearchCollectionViewCell.swift; sourceTree = "<group>"; };
		113A3A0528605EEE0021CCA5 /* NowPlayingMovieCollectionViewCell.swift */ = {isa = PBXFileReference; lastKnownFileType = sourcecode.swift; path = NowPlayingMovieCollectionViewCell.swift; sourceTree = "<group>"; };
		113A3A0B2860708C0021CCA5 /* UpcomingMovieCollectionViewCell.swift */ = {isa = PBXFileReference; lastKnownFileType = sourcecode.swift; path = UpcomingMovieCollectionViewCell.swift; sourceTree = "<group>"; };
		1148B0582871E5DB009934B7 /* MovieInfoViewController.swift */ = {isa = PBXFileReference; lastKnownFileType = sourcecode.swift; path = MovieInfoViewController.swift; sourceTree = "<group>"; };
		115260BD2854D28C0041A5B4 /* movieapp.app */ = {isa = PBXFileReference; explicitFileType = wrapper.application; includeInIndex = 0; path = movieapp.app; sourceTree = BUILT_PRODUCTS_DIR; };
		115260C02854D28C0041A5B4 /* AppDelegate.swift */ = {isa = PBXFileReference; lastKnownFileType = sourcecode.swift; path = AppDelegate.swift; sourceTree = "<group>"; };
		115260C22854D28C0041A5B4 /* SceneDelegate.swift */ = {isa = PBXFileReference; lastKnownFileType = sourcecode.swift; path = SceneDelegate.swift; sourceTree = "<group>"; };
		115260C42854D28C0041A5B4 /* HomeViewController.swift */ = {isa = PBXFileReference; lastKnownFileType = sourcecode.swift; path = HomeViewController.swift; sourceTree = "<group>"; };
		115260C72854D28C0041A5B4 /* Base */ = {isa = PBXFileReference; lastKnownFileType = file.storyboard; name = Base; path = Base.lproj/Main.storyboard; sourceTree = "<group>"; };
		115260C92854D28D0041A5B4 /* Assets.xcassets */ = {isa = PBXFileReference; lastKnownFileType = folder.assetcatalog; path = Assets.xcassets; sourceTree = "<group>"; };
		115260CC2854D28D0041A5B4 /* Base */ = {isa = PBXFileReference; lastKnownFileType = file.storyboard; name = Base; path = Base.lproj/LaunchScreen.storyboard; sourceTree = "<group>"; };
		115260CE2854D28D0041A5B4 /* Info.plist */ = {isa = PBXFileReference; lastKnownFileType = text.plist.xml; path = Info.plist; sourceTree = "<group>"; };
		115260D42854D34E0041A5B4 /* Podfile */ = {isa = PBXFileReference; fileEncoding = 4; lastKnownFileType = text; path = Podfile; sourceTree = "<group>"; xcLanguageSpecificationIdentifier = xcode.lang.ruby; };
		115739D5285FB21100A84FF3 /* WatchListCell.swift */ = {isa = PBXFileReference; lastKnownFileType = sourcecode.swift; path = WatchListCell.swift; sourceTree = "<group>"; };
		115739D6285FB21100A84FF3 /* WatchListCell.xib */ = {isa = PBXFileReference; lastKnownFileType = file.xib; path = WatchListCell.xib; sourceTree = "<group>"; };
		11B60CB5285C648700F71258 /* WatchListViewController.swift */ = {isa = PBXFileReference; lastKnownFileType = sourcecode.swift; path = WatchListViewController.swift; sourceTree = "<group>"; };
		11B8A2FF285731B600C68D47 /* OnboardingSlide.swift */ = {isa = PBXFileReference; lastKnownFileType = sourcecode.swift; name = OnboardingSlide.swift; path = "movieapp/Screens/New Group/OnboardingSlide.swift"; sourceTree = SOURCE_ROOT; };
		11B8A3012857347900C68D47 /* OnboardingCollectionViewCell.swift */ = {isa = PBXFileReference; lastKnownFileType = sourcecode.swift; name = OnboardingCollectionViewCell.swift; path = "movieapp/Screens/New Group/OnboardingCollectionViewCell.swift"; sourceTree = SOURCE_ROOT; };
		11B8A31028577DF900C68D47 /* Constants.swift */ = {isa = PBXFileReference; lastKnownFileType = sourcecode.swift; path = Constants.swift; sourceTree = "<group>"; };
		11C0D2AA2878877B00F809BC /* WatchListMovie.swift */ = {isa = PBXFileReference; lastKnownFileType = sourcecode.swift; path = WatchListMovie.swift; sourceTree = "<group>"; };
		11C17DF0287B00C600308036 /* SearchingActor.swift */ = {isa = PBXFileReference; fileEncoding = 4; lastKnownFileType = sourcecode.swift; name = SearchingActor.swift; path = ../../../../../../Downloads/codegen_62c7fce156d31/SearchingActor.swift; sourceTree = "<group>"; };
		11C17DF1287B00C600308036 /* SearchingActorModel.swift */ = {isa = PBXFileReference; fileEncoding = 4; lastKnownFileType = sourcecode.swift; name = SearchingActorModel.swift; path = ../../../../../../Downloads/codegen_62c7fce156d31/SearchingActorModel.swift; sourceTree = "<group>"; };
		11C17DF4287B00D500308036 /* SearchingTVShowsModel.swift */ = {isa = PBXFileReference; fileEncoding = 4; lastKnownFileType = sourcecode.swift; name = SearchingTVShowsModel.swift; path = ../../../../../../Downloads/codegen_62c7fe5b53245/SearchingTVShowsModel.swift; sourceTree = "<group>"; };
		11C17DF5287B00D500308036 /* SearchingTVShow.swift */ = {isa = PBXFileReference; fileEncoding = 4; lastKnownFileType = sourcecode.swift; name = SearchingTVShow.swift; path = ../../../../../../Downloads/codegen_62c7fe5b53245/SearchingTVShow.swift; sourceTree = "<group>"; };
		11C17DF8287B00E500308036 /* MainScreenMovieModel.swift */ = {isa = PBXFileReference; fileEncoding = 4; lastKnownFileType = sourcecode.swift; name = MainScreenMovieModel.swift; path = "../../../../../../Downloads/codegen_62c04433c686b-2/MainScreenMovieModel.swift"; sourceTree = "<group>"; };
		11C17DFA287B00F300308036 /* MovieVideoModel.swift */ = {isa = PBXFileReference; fileEncoding = 4; lastKnownFileType = sourcecode.swift; name = MovieVideoModel.swift; path = ../../../../../../Downloads/codegen_62c5692152822/MovieVideoModel.swift; sourceTree = "<group>"; };
		11C17DFB287B00F300308036 /* Videos.swift */ = {isa = PBXFileReference; fileEncoding = 4; lastKnownFileType = sourcecode.swift; name = Videos.swift; path = ../../../../../../Downloads/codegen_62c5692152822/Videos.swift; sourceTree = "<group>"; };
		11C17E00287B011000308036 /* SearchingMovieModel.swift */ = {isa = PBXFileReference; fileEncoding = 4; lastKnownFileType = sourcecode.swift; name = SearchingMovieModel.swift; path = ../../../../../../Downloads/codegen_62c57837abae3/SearchingMovieModel.swift; sourceTree = "<group>"; };
		11C17E01287B011000308036 /* SearchingMovie.swift */ = {isa = PBXFileReference; fileEncoding = 4; lastKnownFileType = sourcecode.swift; name = SearchingMovie.swift; path = ../../../../../../Downloads/codegen_62c57837abae3/SearchingMovie.swift; sourceTree = "<group>"; };
		11C17E04287B011D00308036 /* CastModel.swift */ = {isa = PBXFileReference; fileEncoding = 4; lastKnownFileType = sourcecode.swift; name = CastModel.swift; path = ../../../../../../Downloads/codegen_62c44b27b8b24/CastModel.swift; sourceTree = "<group>"; };
		11C17E05287B011D00308036 /* Cast.swift */ = {isa = PBXFileReference; fileEncoding = 4; lastKnownFileType = sourcecode.swift; name = Cast.swift; path = ../../../../../../Downloads/codegen_62c44b27b8b24/Cast.swift; sourceTree = "<group>"; };
		11C17E09287B06AD00308036 /* Extensions.swift */ = {isa = PBXFileReference; lastKnownFileType = sourcecode.swift; path = Extensions.swift; sourceTree = "<group>"; };
		11C344B228568AA10021BA6F /* OnboardingViewController.swift */ = {isa = PBXFileReference; lastKnownFileType = sourcecode.swift; name = OnboardingViewController.swift; path = "movieapp/Screens/New Group/OnboardingViewController.swift"; sourceTree = SOURCE_ROOT; };
		11C8D7B1287C568D00970D0C /* Genres.swift */ = {isa = PBXFileReference; lastKnownFileType = sourcecode.swift; path = Genres.swift; sourceTree = "<group>"; };
		11C8D7B3287C56CA00970D0C /* ProductionCompanies.swift */ = {isa = PBXFileReference; lastKnownFileType = sourcecode.swift; path = ProductionCompanies.swift; sourceTree = "<group>"; };
		11C8D7B5287C577A00970D0C /* MovieInfoModel.swift */ = {isa = PBXFileReference; lastKnownFileType = sourcecode.swift; path = MovieInfoModel.swift; sourceTree = "<group>"; };
		11C8D7B7287C57C600970D0C /* ActorModel.swift */ = {isa = PBXFileReference; lastKnownFileType = sourcecode.swift; path = ActorModel.swift; sourceTree = "<group>"; };
		11C8D7B9287C57EA00970D0C /* tvShowInfoModel.swift */ = {isa = PBXFileReference; lastKnownFileType = sourcecode.swift; path = tvShowInfoModel.swift; sourceTree = "<group>"; };
		11C8D7BB287C597B00970D0C /* MainScreenMovie.swift */ = {isa = PBXFileReference; lastKnownFileType = sourcecode.swift; path = MainScreenMovie.swift; sourceTree = "<group>"; };
		11EADE3D2879389700ED9902 /* TVShowInfoViewController.swift */ = {isa = PBXFileReference; lastKnownFileType = sourcecode.swift; path = TVShowInfoViewController.swift; sourceTree = "<group>"; };
		11EADE5A2879492100ED9902 /* ActorInfoViewController.swift */ = {isa = PBXFileReference; lastKnownFileType = sourcecode.swift; path = ActorInfoViewController.swift; sourceTree = "<group>"; };
		11EADE60287958F400ED9902 /* DataManager.swift */ = {isa = PBXFileReference; lastKnownFileType = sourcecode.swift; path = DataManager.swift; sourceTree = "<group>"; };
		11EADE6328795E6E00ED9902 /* NetworkManager.swift */ = {isa = PBXFileReference; lastKnownFileType = sourcecode.swift; path = NetworkManager.swift; sourceTree = "<group>"; };
		11F0536C28748073006D2B1C /* MovieCastCell.swift */ = {isa = PBXFileReference; lastKnownFileType = sourcecode.swift; path = MovieCastCell.swift; sourceTree = "<group>"; };
		3F0B32EAA0C05101AFFC2136 /* Pods-movieapp.debug.xcconfig */ = {isa = PBXFileReference; includeInIndex = 1; lastKnownFileType = text.xcconfig; name = "Pods-movieapp.debug.xcconfig"; path = "Target Support Files/Pods-movieapp/Pods-movieapp.debug.xcconfig"; sourceTree = "<group>"; };
		419666144809ED078883ECEF /* Pods-movieapp.release.xcconfig */ = {isa = PBXFileReference; includeInIndex = 1; lastKnownFileType = text.xcconfig; name = "Pods-movieapp.release.xcconfig"; path = "Target Support Files/Pods-movieapp/Pods-movieapp.release.xcconfig"; sourceTree = "<group>"; };
		6E9F7F0205EB661F303D1E33 /* Pods_movieapp.framework */ = {isa = PBXFileReference; explicitFileType = wrapper.framework; includeInIndex = 0; path = Pods_movieapp.framework; sourceTree = BUILT_PRODUCTS_DIR; };
/* End PBXFileReference section */

/* Begin PBXFrameworksBuildPhase section */
		115260BA2854D28C0041A5B4 /* Frameworks */ = {
			isa = PBXFrameworksBuildPhase;
			buildActionMask = 2147483647;
			files = (
				604ADC24317750D2CA5CCF20 /* Pods_movieapp.framework in Frameworks */,
			);
			runOnlyForDeploymentPostprocessing = 0;
		};
/* End PBXFrameworksBuildPhase section */

/* Begin PBXGroup section */
		11315A84285B22BC000F7AF1 /* Search Screen */ = {
			isa = PBXGroup;
			children = (
				11315A85285B25DF000F7AF1 /* SearchViewController.swift */,
			);
			path = "Search Screen";
			sourceTree = "<group>";
		};
		11315A87285B7FA3000F7AF1 /* Cells */ = {
			isa = PBXGroup;
			children = (
				11352C222875AA5A0053C0EA /* SearchCell */,
				11F0536B28748035006D2B1C /* CastCell */,
				113A3A0A2860706C0021CCA5 /* UpcomingMovieCell */,
				113A3A0928605EF30021CCA5 /* NowPlayingMovieCell */,
				115739D4285FB19200A84FF3 /* TrendingMovieCell */,
				115739D3285FB14400A84FF3 /* WatchListCell */,
			);
			path = Cells;
			sourceTree = "<group>";
		};
		1132C29528707BE300507F72 /* MainScreenMoviesModel */ = {
			isa = PBXGroup;
			children = (
				11C17DF8287B00E500308036 /* MainScreenMovieModel.swift */,
				11C8D7BB287C597B00970D0C /* MainScreenMovie.swift */,
			);
			path = MainScreenMoviesModel;
			sourceTree = "<group>";
		};
		11352C1828759CE10053C0EA /* TrailerScreen */ = {
			isa = PBXGroup;
			children = (
				11352C1928759D010053C0EA /* TrailerViewController.swift */,
			);
			path = TrailerScreen;
			sourceTree = "<group>";
		};
		11352C1B2875A0AD0053C0EA /* MovieTrailer */ = {
			isa = PBXGroup;
			children = (
				11C17DFA287B00F300308036 /* MovieVideoModel.swift */,
				11C17DFB287B00F300308036 /* Videos.swift */,
			);
			path = MovieTrailer;
			sourceTree = "<group>";
		};
		11352C222875AA5A0053C0EA /* SearchCell */ = {
			isa = PBXGroup;
			children = (
				11352C232875AA6A0053C0EA /* SearchCollectionViewCell.swift */,
			);
			path = SearchCell;
			sourceTree = "<group>";
		};
		11352C252875AFDF0053C0EA /* SearchingMediaModel */ = {
			isa = PBXGroup;
			children = (
				11C17E01287B011000308036 /* SearchingMovie.swift */,
				11C17E00287B011000308036 /* SearchingMovieModel.swift */,
			);
			path = SearchingMediaModel;
			sourceTree = "<group>";
		};
		113A3A0928605EF30021CCA5 /* NowPlayingMovieCell */ = {
			isa = PBXGroup;
			children = (
				113A3A0528605EEE0021CCA5 /* NowPlayingMovieCollectionViewCell.swift */,
			);
			path = NowPlayingMovieCell;
			sourceTree = "<group>";
		};
		113A3A0A2860706C0021CCA5 /* UpcomingMovieCell */ = {
			isa = PBXGroup;
			children = (
				113A3A0B2860708C0021CCA5 /* UpcomingMovieCollectionViewCell.swift */,
			);
			path = UpcomingMovieCell;
			sourceTree = "<group>";
		};
		113A3A162860978E0021CCA5 /* Models */ = {
			isa = PBXGroup;
			children = (
				11C8D7B7287C57C600970D0C /* ActorModel.swift */,
				11C8D7B9287C57EA00970D0C /* tvShowInfoModel.swift */,
				11C0D2A5287835E700F809BC /* SearchingTVShowModel */,
				11C0D2A02878347100F809BC /* SearchingCastModel */,
				11352C252875AFDF0053C0EA /* SearchingMediaModel */,
				11352C1B2875A0AD0053C0EA /* MovieTrailer */,
				11C8D7B0287C567400970D0C /* MovieInfo */,
				11F0536E287482E6006D2B1C /* CastModel */,
				1132C29528707BE300507F72 /* MainScreenMoviesModel */,
			);
			path = Models;
			sourceTree = "<group>";
		};
		113A3A2828609DB30021CCA5 /* Networking */ = {
			isa = PBXGroup;
			children = (
				11EADE6328795E6E00ED9902 /* NetworkManager.swift */,
			);
			path = Networking;
			sourceTree = "<group>";
		};
		1148B0572871E5B5009934B7 /* MovieInfoScreen */ = {
			isa = PBXGroup;
			children = (
				1148B0582871E5DB009934B7 /* MovieInfoViewController.swift */,
			);
			path = MovieInfoScreen;
			sourceTree = "<group>";
		};
		115260B42854D28C0041A5B4 = {
			isa = PBXGroup;
			children = (
				115260D42854D34E0041A5B4 /* Podfile */,
				115260BF2854D28C0041A5B4 /* movieapp */,
				115260BE2854D28C0041A5B4 /* Products */,
				11B8A31228577E1600C68D47 /* Constants */,
				6A13D390F3637CFE64E838FB /* Pods */,
				32318F2E87ACC91D26A9D42A /* Frameworks */,
			);
			sourceTree = "<group>";
		};
		115260BE2854D28C0041A5B4 /* Products */ = {
			isa = PBXGroup;
			children = (
				115260BD2854D28C0041A5B4 /* movieapp.app */,
			);
			name = Products;
			sourceTree = "<group>";
		};
		115260BF2854D28C0041A5B4 /* movieapp */ = {
			isa = PBXGroup;
			children = (
				11C17E08287B069800308036 /* Extensions */,
				11EADE5F287958D100ED9902 /* DataManager */,
				113A3A2828609DB30021CCA5 /* Networking */,
				113A3A162860978E0021CCA5 /* Models */,
				11B8A3052857658500C68D47 /* Screens */,
				11315A87285B7FA3000F7AF1 /* Cells */,
				115260C02854D28C0041A5B4 /* AppDelegate.swift */,
				115260C22854D28C0041A5B4 /* SceneDelegate.swift */,
				115260C62854D28C0041A5B4 /* Main.storyboard */,
				115260C92854D28D0041A5B4 /* Assets.xcassets */,
				115260CB2854D28D0041A5B4 /* LaunchScreen.storyboard */,
				115260CE2854D28D0041A5B4 /* Info.plist */,
			);
			path = movieapp;
			sourceTree = "<group>";
		};
		115739D3285FB14400A84FF3 /* WatchListCell */ = {
			isa = PBXGroup;
			children = (
				115739D5285FB21100A84FF3 /* WatchListCell.swift */,
				115739D6285FB21100A84FF3 /* WatchListCell.xib */,
			);
			path = WatchListCell;
			sourceTree = "<group>";
		};
		115739D4285FB19200A84FF3 /* TrendingMovieCell */ = {
			isa = PBXGroup;
			children = (
				11315A8A285B8056000F7AF1 /* TrendingMovieCollectionViewCell.swift */,
			);
			path = TrendingMovieCell;
			sourceTree = "<group>";
		};
		11646186287DD52700A43492 /* New Folder */ = {
			isa = PBXGroup;
			children = (
				11C344B228568AA10021BA6F /* OnboardingViewController.swift */,
				11B8A2FF285731B600C68D47 /* OnboardingSlide.swift */,
				11B8A3012857347900C68D47 /* OnboardingCollectionViewCell.swift */,
			);
			path = "New Folder";
			sourceTree = "<group>";
		};
		11B60CB4285C645B00F71258 /* WatchListScreen */ = {
			isa = PBXGroup;
			children = (
				11B60CB5285C648700F71258 /* WatchListViewController.swift */,
				11C0D2AA2878877B00F809BC /* WatchListMovie.swift */,
			);
			path = WatchListScreen;
			sourceTree = "<group>";
		};
		11B8A3042857656A00C68D47 /* Main Screen */ = {
			isa = PBXGroup;
			children = (
				115260C42854D28C0041A5B4 /* HomeViewController.swift */,
			);
			path = "Main Screen";
			sourceTree = "<group>";
		};
		11B8A3052857658500C68D47 /* Screens */ = {
			isa = PBXGroup;
			children = (
				11646186287DD52700A43492 /* New Folder */,
				11EADE622879596200ED9902 /* InfoScreens */,
				11352C1828759CE10053C0EA /* TrailerScreen */,
				11B60CB4285C645B00F71258 /* WatchListScreen */,
				11315A84285B22BC000F7AF1 /* Search Screen */,
				11B8A3042857656A00C68D47 /* Main Screen */,
			);
			path = Screens;
			sourceTree = "<group>";
		};
		11B8A31228577E1600C68D47 /* Constants */ = {
			isa = PBXGroup;
			children = (
				11B8A31028577DF900C68D47 /* Constants.swift */,
			);
			path = Constants;
			sourceTree = "<group>";
		};
		11C0D2A02878347100F809BC /* SearchingCastModel */ = {
			isa = PBXGroup;
			children = (
				11C17DF0287B00C600308036 /* SearchingActor.swift */,
				11C17DF1287B00C600308036 /* SearchingActorModel.swift */,
			);
			path = SearchingCastModel;
			sourceTree = "<group>";
		};
		11C0D2A5287835E700F809BC /* SearchingTVShowModel */ = {
			isa = PBXGroup;
			children = (
				11C17DF5287B00D500308036 /* SearchingTVShow.swift */,
				11C17DF4287B00D500308036 /* SearchingTVShowsModel.swift */,
			);
			path = SearchingTVShowModel;
			sourceTree = "<group>";
		};
		11C17E08287B069800308036 /* Extensions */ = {
			isa = PBXGroup;
			children = (
				11C17E09287B06AD00308036 /* Extensions.swift */,
			);
			path = Extensions;
			sourceTree = "<group>";
		};
		11C8D7B0287C567400970D0C /* MovieInfo */ = {
			isa = PBXGroup;
			children = (
				11C8D7B5287C577A00970D0C /* MovieInfoModel.swift */,
				11C8D7B1287C568D00970D0C /* Genres.swift */,
				11C8D7B3287C56CA00970D0C /* ProductionCompanies.swift */,
			);
			path = MovieInfo;
			sourceTree = "<group>";
		};
		11EADE3C2879386600ED9902 /* TVShowInfoScreen */ = {
			isa = PBXGroup;
			children = (
				11EADE3D2879389700ED9902 /* TVShowInfoViewController.swift */,
			);
			path = TVShowInfoScreen;
			sourceTree = "<group>";
		};
		11EADE592879490200ED9902 /* ActorInfoScreen */ = {
			isa = PBXGroup;
			children = (
				11EADE5A2879492100ED9902 /* ActorInfoViewController.swift */,
			);
			path = ActorInfoScreen;
			sourceTree = "<group>";
		};
		11EADE5F287958D100ED9902 /* DataManager */ = {
			isa = PBXGroup;
			children = (
				11EADE60287958F400ED9902 /* DataManager.swift */,
			);
			path = DataManager;
			sourceTree = "<group>";
		};
		11EADE622879596200ED9902 /* InfoScreens */ = {
			isa = PBXGroup;
			children = (
				11EADE3C2879386600ED9902 /* TVShowInfoScreen */,
				11EADE592879490200ED9902 /* ActorInfoScreen */,
				1148B0572871E5B5009934B7 /* MovieInfoScreen */,
			);
			path = InfoScreens;
			sourceTree = "<group>";
		};
		11F0536B28748035006D2B1C /* CastCell */ = {
			isa = PBXGroup;
			children = (
				11F0536C28748073006D2B1C /* MovieCastCell.swift */,
			);
			path = CastCell;
			sourceTree = "<group>";
		};
		11F0536E287482E6006D2B1C /* CastModel */ = {
			isa = PBXGroup;
			children = (
				11C17E05287B011D00308036 /* Cast.swift */,
				11C17E04287B011D00308036 /* CastModel.swift */,
			);
			path = CastModel;
			sourceTree = "<group>";
		};
		32318F2E87ACC91D26A9D42A /* Frameworks */ = {
			isa = PBXGroup;
			children = (
				6E9F7F0205EB661F303D1E33 /* Pods_movieapp.framework */,
			);
			name = Frameworks;
			sourceTree = "<group>";
		};
		6A13D390F3637CFE64E838FB /* Pods */ = {
			isa = PBXGroup;
			children = (
				3F0B32EAA0C05101AFFC2136 /* Pods-movieapp.debug.xcconfig */,
				419666144809ED078883ECEF /* Pods-movieapp.release.xcconfig */,
			);
			path = Pods;
			sourceTree = "<group>";
		};
/* End PBXGroup section */

/* Begin PBXNativeTarget section */
		115260BC2854D28C0041A5B4 /* movieapp */ = {
			isa = PBXNativeTarget;
			buildConfigurationList = 115260D12854D28D0041A5B4 /* Build configuration list for PBXNativeTarget "movieapp" */;
			buildPhases = (
				C27AECDE54C218FAD03CD0FB /* [CP] Check Pods Manifest.lock */,
				115260B92854D28C0041A5B4 /* Sources */,
				115260BA2854D28C0041A5B4 /* Frameworks */,
				115260BB2854D28C0041A5B4 /* Resources */,
				78C3C3BEA8D76561C346E4D2 /* [CP] Embed Pods Frameworks */,
			);
			buildRules = (
			);
			dependencies = (
			);
			name = movieapp;
			productName = movieapp;
			productReference = 115260BD2854D28C0041A5B4 /* movieapp.app */;
			productType = "com.apple.product-type.application";
		};
/* End PBXNativeTarget section */

/* Begin PBXProject section */
		115260B52854D28C0041A5B4 /* Project object */ = {
			isa = PBXProject;
			attributes = {
				BuildIndependentTargetsInParallel = 1;
				LastSwiftUpdateCheck = 1340;
				LastUpgradeCheck = 1340;
				TargetAttributes = {
					115260BC2854D28C0041A5B4 = {
						CreatedOnToolsVersion = 13.4.1;
					};
				};
			};
			buildConfigurationList = 115260B82854D28C0041A5B4 /* Build configuration list for PBXProject "movieapp" */;
			compatibilityVersion = "Xcode 13.0";
			developmentRegion = en;
			hasScannedForEncodings = 0;
			knownRegions = (
				en,
				Base,
			);
			mainGroup = 115260B42854D28C0041A5B4;
			productRefGroup = 115260BE2854D28C0041A5B4 /* Products */;
			projectDirPath = "";
			projectRoot = "";
			targets = (
				115260BC2854D28C0041A5B4 /* movieapp */,
			);
		};
/* End PBXProject section */

/* Begin PBXResourcesBuildPhase section */
		115260BB2854D28C0041A5B4 /* Resources */ = {
			isa = PBXResourcesBuildPhase;
			buildActionMask = 2147483647;
			files = (
				115260CD2854D28D0041A5B4 /* LaunchScreen.storyboard in Resources */,
				115260CA2854D28D0041A5B4 /* Assets.xcassets in Resources */,
				115739D8285FB21100A84FF3 /* WatchListCell.xib in Resources */,
				115260D52854D34E0041A5B4 /* Podfile in Resources */,
				115260C82854D28C0041A5B4 /* Main.storyboard in Resources */,
			);
			runOnlyForDeploymentPostprocessing = 0;
		};
/* End PBXResourcesBuildPhase section */

/* Begin PBXShellScriptBuildPhase section */
		78C3C3BEA8D76561C346E4D2 /* [CP] Embed Pods Frameworks */ = {
			isa = PBXShellScriptBuildPhase;
			buildActionMask = 2147483647;
			files = (
			);
			inputFileListPaths = (
				"${PODS_ROOT}/Target Support Files/Pods-movieapp/Pods-movieapp-frameworks-${CONFIGURATION}-input-files.xcfilelist",
			);
			name = "[CP] Embed Pods Frameworks";
			outputFileListPaths = (
				"${PODS_ROOT}/Target Support Files/Pods-movieapp/Pods-movieapp-frameworks-${CONFIGURATION}-output-files.xcfilelist",
			);
			runOnlyForDeploymentPostprocessing = 0;
			shellPath = /bin/sh;
			shellScript = "\"${PODS_ROOT}/Target Support Files/Pods-movieapp/Pods-movieapp-frameworks.sh\"\n";
			showEnvVarsInLog = 0;
		};
		C27AECDE54C218FAD03CD0FB /* [CP] Check Pods Manifest.lock */ = {
			isa = PBXShellScriptBuildPhase;
			buildActionMask = 2147483647;
			files = (
			);
			inputFileListPaths = (
			);
			inputPaths = (
				"${PODS_PODFILE_DIR_PATH}/Podfile.lock",
				"${PODS_ROOT}/Manifest.lock",
			);
			name = "[CP] Check Pods Manifest.lock";
			outputFileListPaths = (
			);
			outputPaths = (
				"$(DERIVED_FILE_DIR)/Pods-movieapp-checkManifestLockResult.txt",
			);
			runOnlyForDeploymentPostprocessing = 0;
			shellPath = /bin/sh;
			shellScript = "diff \"${PODS_PODFILE_DIR_PATH}/Podfile.lock\" \"${PODS_ROOT}/Manifest.lock\" > /dev/null\nif [ $? != 0 ] ; then\n    # print error to STDERR\n    echo \"error: The sandbox is not in sync with the Podfile.lock. Run 'pod install' or update your CocoaPods installation.\" >&2\n    exit 1\nfi\n# This output is used by Xcode 'outputs' to avoid re-running this script phase.\necho \"SUCCESS\" > \"${SCRIPT_OUTPUT_FILE_0}\"\n";
			showEnvVarsInLog = 0;
		};
/* End PBXShellScriptBuildPhase section */

/* Begin PBXSourcesBuildPhase section */
		115260B92854D28C0041A5B4 /* Sources */ = {
			isa = PBXSourcesBuildPhase;
			buildActionMask = 2147483647;
			files = (
				11EADE6428795E6E00ED9902 /* NetworkManager.swift in Sources */,
				115260C52854D28C0041A5B4 /* HomeViewController.swift in Sources */,
				11C17E07287B011D00308036 /* Cast.swift in Sources */,
				11315A8C285B8056000F7AF1 /* TrendingMovieCollectionViewCell.swift in Sources */,
				11C344B328568AA10021BA6F /* OnboardingViewController.swift in Sources */,
				11C8D7BC287C597B00970D0C /* MainScreenMovie.swift in Sources */,
				11C17DF2287B00C600308036 /* SearchingActor.swift in Sources */,
				11315A86285B25E0000F7AF1 /* SearchViewController.swift in Sources */,
				11C17DFC287B00F300308036 /* MovieVideoModel.swift in Sources */,
				11EADE5B2879492100ED9902 /* ActorInfoViewController.swift in Sources */,
				11EADE3E2879389700ED9902 /* TVShowInfoViewController.swift in Sources */,
				11C17E06287B011D00308036 /* CastModel.swift in Sources */,
				11C17E03287B011000308036 /* SearchingMovie.swift in Sources */,
				11C0D2AB2878877B00F809BC /* WatchListMovie.swift in Sources */,
				115260C12854D28C0041A5B4 /* AppDelegate.swift in Sources */,
				11C17E0A287B06AD00308036 /* Extensions.swift in Sources */,
				11C8D7BA287C57EA00970D0C /* tvShowInfoModel.swift in Sources */,
				113A3A0728605EEE0021CCA5 /* NowPlayingMovieCollectionViewCell.swift in Sources */,
				11C8D7B2287C568D00970D0C /* Genres.swift in Sources */,
				11B8A300285731B600C68D47 /* OnboardingSlide.swift in Sources */,
				11B8A31128577DF900C68D47 /* Constants.swift in Sources */,
				11C8D7B8287C57C600970D0C /* ActorModel.swift in Sources */,
				11352C242875AA6A0053C0EA /* SearchCollectionViewCell.swift in Sources */,
				113A3A0D2860708C0021CCA5 /* UpcomingMovieCollectionViewCell.swift in Sources */,
				11C17E02287B011000308036 /* SearchingMovieModel.swift in Sources */,
				11F0536D28748073006D2B1C /* MovieCastCell.swift in Sources */,
				11B8A3022857347900C68D47 /* OnboardingCollectionViewCell.swift in Sources */,
				11C17DFD287B00F300308036 /* Videos.swift in Sources */,
				11352C1A28759D010053C0EA /* TrailerViewController.swift in Sources */,
				1148B0592871E5DB009934B7 /* MovieInfoViewController.swift in Sources */,
				115739D7285FB21100A84FF3 /* WatchListCell.swift in Sources */,
				11EADE61287958F400ED9902 /* DataManager.swift in Sources */,
				11B60CB6285C648700F71258 /* WatchListViewController.swift in Sources */,
				11C17DF6287B00D500308036 /* SearchingTVShowsModel.swift in Sources */,
				11C17DF7287B00D500308036 /* SearchingTVShow.swift in Sources */,
				11C17DF3287B00C600308036 /* SearchingActorModel.swift in Sources */,
				11C17DF9287B00E500308036 /* MainScreenMovieModel.swift in Sources */,
				11C8D7B4287C56CA00970D0C /* ProductionCompanies.swift in Sources */,
				11C8D7B6287C577A00970D0C /* MovieInfoModel.swift in Sources */,
				115260C32854D28C0041A5B4 /* SceneDelegate.swift in Sources */,
			);
			runOnlyForDeploymentPostprocessing = 0;
		};
/* End PBXSourcesBuildPhase section */

/* Begin PBXVariantGroup section */
		115260C62854D28C0041A5B4 /* Main.storyboard */ = {
			isa = PBXVariantGroup;
			children = (
				115260C72854D28C0041A5B4 /* Base */,
			);
			name = Main.storyboard;
			sourceTree = "<group>";
		};
		115260CB2854D28D0041A5B4 /* LaunchScreen.storyboard */ = {
			isa = PBXVariantGroup;
			children = (
				115260CC2854D28D0041A5B4 /* Base */,
			);
			name = LaunchScreen.storyboard;
			sourceTree = "<group>";
		};
/* End PBXVariantGroup section */

/* Begin XCBuildConfiguration section */
		115260CF2854D28D0041A5B4 /* Debug */ = {
			isa = XCBuildConfiguration;
			buildSettings = {
				ALWAYS_SEARCH_USER_PATHS = NO;
				CLANG_ANALYZER_NONNULL = YES;
				CLANG_ANALYZER_NUMBER_OBJECT_CONVERSION = YES_AGGRESSIVE;
				CLANG_CXX_LANGUAGE_STANDARD = "gnu++17";
				CLANG_ENABLE_MODULES = YES;
				CLANG_ENABLE_OBJC_ARC = YES;
				CLANG_ENABLE_OBJC_WEAK = YES;
				CLANG_WARN_BLOCK_CAPTURE_AUTORELEASING = YES;
				CLANG_WARN_BOOL_CONVERSION = YES;
				CLANG_WARN_COMMA = YES;
				CLANG_WARN_CONSTANT_CONVERSION = YES;
				CLANG_WARN_DEPRECATED_OBJC_IMPLEMENTATIONS = YES;
				CLANG_WARN_DIRECT_OBJC_ISA_USAGE = YES_ERROR;
				CLANG_WARN_DOCUMENTATION_COMMENTS = YES;
				CLANG_WARN_EMPTY_BODY = YES;
				CLANG_WARN_ENUM_CONVERSION = YES;
				CLANG_WARN_INFINITE_RECURSION = YES;
				CLANG_WARN_INT_CONVERSION = YES;
				CLANG_WARN_NON_LITERAL_NULL_CONVERSION = YES;
				CLANG_WARN_OBJC_IMPLICIT_RETAIN_SELF = YES;
				CLANG_WARN_OBJC_LITERAL_CONVERSION = YES;
				CLANG_WARN_OBJC_ROOT_CLASS = YES_ERROR;
				CLANG_WARN_QUOTED_INCLUDE_IN_FRAMEWORK_HEADER = YES;
				CLANG_WARN_RANGE_LOOP_ANALYSIS = YES;
				CLANG_WARN_STRICT_PROTOTYPES = YES;
				CLANG_WARN_SUSPICIOUS_MOVE = YES;
				CLANG_WARN_UNGUARDED_AVAILABILITY = YES_AGGRESSIVE;
				CLANG_WARN_UNREACHABLE_CODE = YES;
				CLANG_WARN__DUPLICATE_METHOD_MATCH = YES;
				COPY_PHASE_STRIP = NO;
				DEBUG_INFORMATION_FORMAT = dwarf;
				ENABLE_STRICT_OBJC_MSGSEND = YES;
				ENABLE_TESTABILITY = YES;
				GCC_C_LANGUAGE_STANDARD = gnu11;
				GCC_DYNAMIC_NO_PIC = NO;
				GCC_NO_COMMON_BLOCKS = YES;
				GCC_OPTIMIZATION_LEVEL = 0;
				GCC_PREPROCESSOR_DEFINITIONS = (
					"DEBUG=1",
					"$(inherited)",
				);
				GCC_WARN_64_TO_32_BIT_CONVERSION = YES;
				GCC_WARN_ABOUT_RETURN_TYPE = YES_ERROR;
				GCC_WARN_UNDECLARED_SELECTOR = YES;
				GCC_WARN_UNINITIALIZED_AUTOS = YES_AGGRESSIVE;
				GCC_WARN_UNUSED_FUNCTION = YES;
				GCC_WARN_UNUSED_VARIABLE = YES;
				IPHONEOS_DEPLOYMENT_TARGET = 15.5;
				MTL_ENABLE_DEBUG_INFO = INCLUDE_SOURCE;
				MTL_FAST_MATH = YES;
				ONLY_ACTIVE_ARCH = YES;
				SDKROOT = iphoneos;
				SWIFT_ACTIVE_COMPILATION_CONDITIONS = DEBUG;
				SWIFT_OPTIMIZATION_LEVEL = "-Onone";
			};
			name = Debug;
		};
		115260D02854D28D0041A5B4 /* Release */ = {
			isa = XCBuildConfiguration;
			buildSettings = {
				ALWAYS_SEARCH_USER_PATHS = NO;
				CLANG_ANALYZER_NONNULL = YES;
				CLANG_ANALYZER_NUMBER_OBJECT_CONVERSION = YES_AGGRESSIVE;
				CLANG_CXX_LANGUAGE_STANDARD = "gnu++17";
				CLANG_ENABLE_MODULES = YES;
				CLANG_ENABLE_OBJC_ARC = YES;
				CLANG_ENABLE_OBJC_WEAK = YES;
				CLANG_WARN_BLOCK_CAPTURE_AUTORELEASING = YES;
				CLANG_WARN_BOOL_CONVERSION = YES;
				CLANG_WARN_COMMA = YES;
				CLANG_WARN_CONSTANT_CONVERSION = YES;
				CLANG_WARN_DEPRECATED_OBJC_IMPLEMENTATIONS = YES;
				CLANG_WARN_DIRECT_OBJC_ISA_USAGE = YES_ERROR;
				CLANG_WARN_DOCUMENTATION_COMMENTS = YES;
				CLANG_WARN_EMPTY_BODY = YES;
				CLANG_WARN_ENUM_CONVERSION = YES;
				CLANG_WARN_INFINITE_RECURSION = YES;
				CLANG_WARN_INT_CONVERSION = YES;
				CLANG_WARN_NON_LITERAL_NULL_CONVERSION = YES;
				CLANG_WARN_OBJC_IMPLICIT_RETAIN_SELF = YES;
				CLANG_WARN_OBJC_LITERAL_CONVERSION = YES;
				CLANG_WARN_OBJC_ROOT_CLASS = YES_ERROR;
				CLANG_WARN_QUOTED_INCLUDE_IN_FRAMEWORK_HEADER = YES;
				CLANG_WARN_RANGE_LOOP_ANALYSIS = YES;
				CLANG_WARN_STRICT_PROTOTYPES = YES;
				CLANG_WARN_SUSPICIOUS_MOVE = YES;
				CLANG_WARN_UNGUARDED_AVAILABILITY = YES_AGGRESSIVE;
				CLANG_WARN_UNREACHABLE_CODE = YES;
				CLANG_WARN__DUPLICATE_METHOD_MATCH = YES;
				COPY_PHASE_STRIP = NO;
				DEBUG_INFORMATION_FORMAT = "dwarf-with-dsym";
				ENABLE_NS_ASSERTIONS = NO;
				ENABLE_STRICT_OBJC_MSGSEND = YES;
				GCC_C_LANGUAGE_STANDARD = gnu11;
				GCC_NO_COMMON_BLOCKS = YES;
				GCC_WARN_64_TO_32_BIT_CONVERSION = YES;
				GCC_WARN_ABOUT_RETURN_TYPE = YES_ERROR;
				GCC_WARN_UNDECLARED_SELECTOR = YES;
				GCC_WARN_UNINITIALIZED_AUTOS = YES_AGGRESSIVE;
				GCC_WARN_UNUSED_FUNCTION = YES;
				GCC_WARN_UNUSED_VARIABLE = YES;
				IPHONEOS_DEPLOYMENT_TARGET = 15.5;
				MTL_ENABLE_DEBUG_INFO = NO;
				MTL_FAST_MATH = YES;
				SDKROOT = iphoneos;
				SWIFT_COMPILATION_MODE = wholemodule;
				SWIFT_OPTIMIZATION_LEVEL = "-O";
				VALIDATE_PRODUCT = YES;
			};
			name = Release;
		};
		115260D22854D28D0041A5B4 /* Debug */ = {
			isa = XCBuildConfiguration;
			baseConfigurationReference = 3F0B32EAA0C05101AFFC2136 /* Pods-movieapp.debug.xcconfig */;
			buildSettings = {
				ASSETCATALOG_COMPILER_APPICON_NAME = AppIcon;
				ASSETCATALOG_COMPILER_GLOBAL_ACCENT_COLOR_NAME = AccentColor;
				CODE_SIGN_STYLE = Automatic;
				CURRENT_PROJECT_VERSION = 1;
				DEVELOPMENT_TEAM = SNP47ALDN4;
				GENERATE_INFOPLIST_FILE = YES;
				INFOPLIST_FILE = movieapp/Info.plist;
				INFOPLIST_KEY_UIApplicationSupportsIndirectInputEvents = YES;
				INFOPLIST_KEY_UILaunchStoryboardName = LaunchScreen;
				INFOPLIST_KEY_UIMainStoryboardFile = Main;
				INFOPLIST_KEY_UISupportedInterfaceOrientations_iPad = "UIInterfaceOrientationPortrait UIInterfaceOrientationPortraitUpsideDown UIInterfaceOrientationLandscapeLeft UIInterfaceOrientationLandscapeRight";
				INFOPLIST_KEY_UISupportedInterfaceOrientations_iPhone = "UIInterfaceOrientationPortrait UIInterfaceOrientationLandscapeLeft UIInterfaceOrientationLandscapeRight";
				LD_RUNPATH_SEARCH_PATHS = (
					"$(inherited)",
					"@executable_path/Frameworks",
				);
				MARKETING_VERSION = 1.0;
				PRODUCT_BUNDLE_IDENTIFIER = mmm.movieapp;
				PRODUCT_NAME = "$(TARGET_NAME)";
				SWIFT_EMIT_LOC_STRINGS = YES;
				SWIFT_VERSION = 5.0;
				TARGETED_DEVICE_FAMILY = "1,2";
			};
			name = Debug;
		};
		115260D32854D28D0041A5B4 /* Release */ = {
			isa = XCBuildConfiguration;
			baseConfigurationReference = 419666144809ED078883ECEF /* Pods-movieapp.release.xcconfig */;
			buildSettings = {
				ASSETCATALOG_COMPILER_APPICON_NAME = AppIcon;
				ASSETCATALOG_COMPILER_GLOBAL_ACCENT_COLOR_NAME = AccentColor;
				CODE_SIGN_STYLE = Automatic;
				CURRENT_PROJECT_VERSION = 1;
				DEVELOPMENT_TEAM = SNP47ALDN4;
				GENERATE_INFOPLIST_FILE = YES;
				INFOPLIST_FILE = movieapp/Info.plist;
				INFOPLIST_KEY_UIApplicationSupportsIndirectInputEvents = YES;
				INFOPLIST_KEY_UILaunchStoryboardName = LaunchScreen;
				INFOPLIST_KEY_UIMainStoryboardFile = Main;
				INFOPLIST_KEY_UISupportedInterfaceOrientations_iPad = "UIInterfaceOrientationPortrait UIInterfaceOrientationPortraitUpsideDown UIInterfaceOrientationLandscapeLeft UIInterfaceOrientationLandscapeRight";
				INFOPLIST_KEY_UISupportedInterfaceOrientations_iPhone = "UIInterfaceOrientationPortrait UIInterfaceOrientationLandscapeLeft UIInterfaceOrientationLandscapeRight";
				LD_RUNPATH_SEARCH_PATHS = (
					"$(inherited)",
					"@executable_path/Frameworks",
				);
				MARKETING_VERSION = 1.0;
				PRODUCT_BUNDLE_IDENTIFIER = mmm.movieapp;
				PRODUCT_NAME = "$(TARGET_NAME)";
				SWIFT_EMIT_LOC_STRINGS = YES;
				SWIFT_VERSION = 5.0;
				TARGETED_DEVICE_FAMILY = "1,2";
			};
			name = Release;
		};
/* End XCBuildConfiguration section */

/* Begin XCConfigurationList section */
		115260B82854D28C0041A5B4 /* Build configuration list for PBXProject "movieapp" */ = {
			isa = XCConfigurationList;
			buildConfigurations = (
				115260CF2854D28D0041A5B4 /* Debug */,
				115260D02854D28D0041A5B4 /* Release */,
			);
			defaultConfigurationIsVisible = 0;
			defaultConfigurationName = Release;
		};
		115260D12854D28D0041A5B4 /* Build configuration list for PBXNativeTarget "movieapp" */ = {
			isa = XCConfigurationList;
			buildConfigurations = (
				115260D22854D28D0041A5B4 /* Debug */,
				115260D32854D28D0041A5B4 /* Release */,
			);
			defaultConfigurationIsVisible = 0;
			defaultConfigurationName = Release;
		};
/* End XCConfigurationList section */
	};
	rootObject = 115260B52854D28C0041A5B4 /* Project object */;
}
